
Microsoft Visual Studio Solution File, Format Version 12.00
# Visual Studio Version 17
VisualStudioVersion = 17.6.33815.320
MinimumVisualStudioVersion = 10.0.40219.1
Project("{FAE04EC0-301F-11D3-BF4B-00C04F79EFBC}") = "RTD", "RTD.csproj", "{E3BC8F24-9557-41D2-A8C5-3FFE94D14B28}"
EndProject
Global
	GlobalSection(SolutionConfigurationPlatforms) = preSolution
		Debug|Any CPU = Debug|Any CPU
		Release|Any CPU = Release|Any CPU
	EndGlobalSection
	GlobalSection(ProjectConfigurationPlatforms) = postSolution
		{E3BC8F24-9557-41D2-A8C5-3FFE94D14B28}.Debug|Any CPU.ActiveCfg = Debug|Any CPU
		{E3BC8F24-9557-41D2-A8C5-3FFE94D14B28}.Debug|Any CPU.Build.0 = Debug|Any CPU
		{E3BC8F24-9557-41D2-A8C5-3FFE94D14B28}.Release|Any CPU.ActiveCfg = Release|Any CPU
		{E3BC8F24-9557-41D2-A8C5-3FFE94D14B28}.Release|Any CPU.Build.0 = Release|Any CPU
	EndGlobalSection
	GlobalSection(SolutionProperties) = preSolution
		HideSolutionNode = FALSE
	EndGlobalSection
	GlobalSection(ExtensibilityGlobals) = postSolution
		SolutionGuid = {9BAD125A-417B-48DA-9653-84F4E94D4700}
	EndGlobalSection
EndGlobal
